
Microsoft Visual Studio Solution File, Format Version 12.00
# Visual Studio Version 16
VisualStudioVersion = 16.0.32106.194
MinimumVisualStudioVersion = 10.0.40219.1
Project("{FAE04EC0-301F-11D3-BF4B-00C04F79EFBC}") = "AirlineBooking", "AirlineBooking\AirlineBooking.csproj", "{8003456E-7920-49DC-AB86-DEFC20843083}"
EndProject
Project("{FAE04EC0-301F-11D3-BF4B-00C04F79EFBC}") = "AdminAPIServices", "AdminAPIServices\AdminAPIServices.csproj", "{948EEFC8-A4D8-41FA-83CB-F36DDE7E0D2C}"
EndProject
Project("{FAE04EC0-301F-11D3-BF4B-00C04F79EFBC}") = "UserAPIServices", "UserAPIServices\UserAPIServices.csproj", "{062C8C9F-3239-4734-8AB5-716691A4506D}"
EndProject
Global
	GlobalSection(SolutionConfigurationPlatforms) = preSolution
		Debug|Any CPU = Debug|Any CPU
		Release|Any CPU = Release|Any CPU
	EndGlobalSection
	GlobalSection(ProjectConfigurationPlatforms) = postSolution
		{8003456E-7920-49DC-AB86-DEFC20843083}.Debug|Any CPU.ActiveCfg = Debug|Any CPU
		{8003456E-7920-49DC-AB86-DEFC20843083}.Debug|Any CPU.Build.0 = Debug|Any CPU
		{8003456E-7920-49DC-AB86-DEFC20843083}.Release|Any CPU.ActiveCfg = Release|Any CPU
		{8003456E-7920-49DC-AB86-DEFC20843083}.Release|Any CPU.Build.0 = Release|Any CPU
		{948EEFC8-A4D8-41FA-83CB-F36DDE7E0D2C}.Debug|Any CPU.ActiveCfg = Debug|Any CPU
		{948EEFC8-A4D8-41FA-83CB-F36DDE7E0D2C}.Debug|Any CPU.Build.0 = Debug|Any CPU
		{948EEFC8-A4D8-41FA-83CB-F36DDE7E0D2C}.Release|Any CPU.ActiveCfg = Release|Any CPU
		{948EEFC8-A4D8-41FA-83CB-F36DDE7E0D2C}.Release|Any CPU.Build.0 = Release|Any CPU
		{062C8C9F-3239-4734-8AB5-716691A4506D}.Debug|Any CPU.ActiveCfg = Debug|Any CPU
		{062C8C9F-3239-4734-8AB5-716691A4506D}.Debug|Any CPU.Build.0 = Debug|Any CPU
		{062C8C9F-3239-4734-8AB5-716691A4506D}.Release|Any CPU.ActiveCfg = Release|Any CPU
		{062C8C9F-3239-4734-8AB5-716691A4506D}.Release|Any CPU.Build.0 = Release|Any CPU
	EndGlobalSection
	GlobalSection(SolutionProperties) = preSolution
		HideSolutionNode = FALSE
	EndGlobalSection
	GlobalSection(ExtensibilityGlobals) = postSolution
		SolutionGuid = {4F194FC5-56DB-43A2-8D5D-9582457C0D32}
	EndGlobalSection
EndGlobal
